
Microsoft Visual Studio Solution File, Format Version 12.00
# Visual Studio Version 17
VisualStudioVersion = 17.3.32922.545
MinimumVisualStudioVersion = 10.0.40219.1
Project("{9A19103F-16F7-4668-BE54-9A1E7A4F7556}") = "Demo.WebApi", "Demo.WebApi\Demo.WebApi.csproj", "{89D2D284-4F2C-4E8F-9300-BACC550D6238}"
EndProject
Project("{9A19103F-16F7-4668-BE54-9A1E7A4F7556}") = "Demo.Services", "Demo.Services\Demo.Services.csproj", "{B0D6A4B7-33A7-47A8-8204-ADD10AEFD555}"
EndProject
Project("{9A19103F-16F7-4668-BE54-9A1E7A4F7556}") = "Demo.Repository", "Demo.Repository\Demo.Repository.csproj", "{94DC45E8-0133-4964-AE1A-5FB6A61A77A3}"
EndProject
Project("{9A19103F-16F7-4668-BE54-9A1E7A4F7556}") = "Demo.Common", "Demo.Common\Demo.Common.csproj", "{BE4490DD-5972-461D-8CED-5299EFDC2A87}"
EndProject
Global
	GlobalSection(SolutionConfigurationPlatforms) = preSolution
		Debug|Any CPU = Debug|Any CPU
		Release|Any CPU = Release|Any CPU
	EndGlobalSection
	GlobalSection(ProjectConfigurationPlatforms) = postSolution
		{89D2D284-4F2C-4E8F-9300-BACC550D6238}.Debug|Any CPU.ActiveCfg = Debug|Any CPU
		{89D2D284-4F2C-4E8F-9300-BACC550D6238}.Debug|Any CPU.Build.0 = Debug|Any CPU
		{89D2D284-4F2C-4E8F-9300-BACC550D6238}.Release|Any CPU.ActiveCfg = Release|Any CPU
		{89D2D284-4F2C-4E8F-9300-BACC550D6238}.Release|Any CPU.Build.0 = Release|Any CPU
		{B0D6A4B7-33A7-47A8-8204-ADD10AEFD555}.Debug|Any CPU.ActiveCfg = Debug|Any CPU
		{B0D6A4B7-33A7-47A8-8204-ADD10AEFD555}.Debug|Any CPU.Build.0 = Debug|Any CPU
		{B0D6A4B7-33A7-47A8-8204-ADD10AEFD555}.Release|Any CPU.ActiveCfg = Release|Any CPU
		{B0D6A4B7-33A7-47A8-8204-ADD10AEFD555}.Release|Any CPU.Build.0 = Release|Any CPU
		{94DC45E8-0133-4964-AE1A-5FB6A61A77A3}.Debug|Any CPU.ActiveCfg = Debug|Any CPU
		{94DC45E8-0133-4964-AE1A-5FB6A61A77A3}.Debug|Any CPU.Build.0 = Debug|Any CPU
		{94DC45E8-0133-4964-AE1A-5FB6A61A77A3}.Release|Any CPU.ActiveCfg = Release|Any CPU
		{94DC45E8-0133-4964-AE1A-5FB6A61A77A3}.Release|Any CPU.Build.0 = Release|Any CPU
		{BE4490DD-5972-461D-8CED-5299EFDC2A87}.Debug|Any CPU.ActiveCfg = Debug|Any CPU
		{BE4490DD-5972-461D-8CED-5299EFDC2A87}.Debug|Any CPU.Build.0 = Debug|Any CPU
		{BE4490DD-5972-461D-8CED-5299EFDC2A87}.Release|Any CPU.ActiveCfg = Release|Any CPU
		{BE4490DD-5972-461D-8CED-5299EFDC2A87}.Release|Any CPU.Build.0 = Release|Any CPU
	EndGlobalSection
	GlobalSection(SolutionProperties) = preSolution
		HideSolutionNode = FALSE
	EndGlobalSection
	GlobalSection(ExtensibilityGlobals) = postSolution
		SolutionGuid = {84CB8E2E-FCDC-49A8-9867-E0344E380746}
	EndGlobalSection
EndGlobal
